// !$*UTF8*$!
{
	archiveVersion = 1;
	classes = {};
	objectVersion = 56;
	objects = {
		AA0000000000000000000001 /* Project object */ = {
			isa = PBXProject;
			attributes = { LastUpgradeCheck = 1530; TargetAttributes = { AA0000000000000000000002 = { CreatedOnToolsVersion = 15.3; }; }; };
			buildConfigurationList = AA0000000000000000000100 /* Build configuration list for PBXProject */;
			compatibilityVersion = "Xcode 14.0";
			developmentRegion = en;
			hasScannedForEncodings = 0;
			knownRegions = (en, Base,);
			mainGroup = AA0000000000000000000003;
			productRefGroup = AA0000000000000000000004;
			projectDirPath = "";
			projectRoot = "";
			targets = (AA0000000000000000000002,);
		};
		AA0000000000000000000002 /* NightGuardRoom */ = { isa = PBXNativeTarget; buildConfigurationList = AA0000000000000000000200; buildPhases = (AA0000000000000000000301, AA0000000000000000000302, AA0000000000000000000303,); buildRules = (); dependencies = (); name = NightGuardRoom; productName = NightGuardRoom; productReference = AA0000000000000000000400; productType = "com.apple.product-type.application"; };
		AA0000000000000000000003 = { isa = PBXGroup; children = (AA0000000000000000001000, AA0000000000000000000004,); sourceTree = "<group>"; };
		AA0000000000000000000004 /* Products */ = { isa = PBXGroup; children = (AA0000000000000000000400,); name = Products; sourceTree = "<group>"; };
		AA0000000000000000001000 /* NightGuardRoom */ = { isa = PBXGroup; children = (AA0000000000000000001001, AA0000000000000000001002, AA0000000000000000001003, AA0000000000000000001004, AA0000000000000000001005, AA0000000000000000001006, AA0000000000000000001007,); path = NightGuardRoom; sourceTree = "<group>"; };
		AA0000000000000000001006 /* Resources */ = { isa = PBXGroup; children = (AA0000000000000000001008,); path = Resources; sourceTree = "<group>"; };
		AA0000000000000000001001 /* AppDelegate.swift */ = { isa = PBXFileReference; lastKnownFileType = sourcecode.swift; path = AppDelegate.swift; sourceTree = "<group>"; };
		AA0000000000000000001002 /* SceneDelegate.swift */ = { isa = PBXFileReference; lastKnownFileType = sourcecode.swift; path = SceneDelegate.swift; sourceTree = "<group>"; };
		AA0000000000000000001003 /* ViewController.swift */ = { isa = PBXFileReference; lastKnownFileType = sourcecode.swift; path = ViewController.swift; sourceTree = "<group>"; };
		AA0000000000000000001004 /* Info.plist */ = { isa = PBXFileReference; lastKnownFileType = text.plist.xml; path = Info.plist; sourceTree = "<group>"; };
		AA0000000000000000001005 /* LaunchScreen.storyboard */ = { isa = PBXFileReference; lastKnownFileType = file.storyboard; path = LaunchScreen.storyboard; sourceTree = "<group>"; };
		AA0000000000000000001007 /* Assets.xcassets */ = { isa = PBXFileReference; lastKnownFileType = folder.assetcatalog; path = Assets.xcassets; sourceTree = "<group>"; };
		AA0000000000000000001008 /* index.html */ = { isa = PBXFileReference; lastKnownFileType = text.html; path = index.html; sourceTree = "<group>"; };
		AA0000000000000000000400 /* NightGuardRoom.app */ = { isa = PBXFileReference; explicitFileType = wrapper.application; includeInIndex = 0; path = NightGuardRoom.app; sourceTree = BUILT_PRODUCTS_DIR; };
		AA0000000000000000002001 /* AppDelegate.swift in Sources */ = { isa = PBXBuildFile; fileRef = AA0000000000000000001001; };
		AA0000000000000000002002 /* SceneDelegate.swift in Sources */ = { isa = PBXBuildFile; fileRef = AA0000000000000000001002; };
		AA0000000000000000002003 /* ViewController.swift in Sources */ = { isa = PBXBuildFile; fileRef = AA0000000000000000001003; };
		AA0000000000000000002005 /* LaunchScreen.storyboard in Resources */ = { isa = PBXBuildFile; fileRef = AA0000000000000000001005; };
		AA0000000000000000002007 /* Assets.xcassets in Resources */ = { isa = PBXBuildFile; fileRef = AA0000000000000000001007; };
		AA0000000000000000002008 /* index.html in Resources */ = { isa = PBXBuildFile; fileRef = AA0000000000000000001008; };
		AA0000000000000000000301 /* Sources */ = { isa = PBXSourcesBuildPhase; buildActionMask = 2147483647; files = (AA0000000000000000002001, AA0000000000000000002002, AA0000000000000000002003,); runOnlyForDeploymentPostprocessing = 0; };
		AA0000000000000000000302 /* Frameworks */ = { isa = PBXFrameworksBuildPhase; buildActionMask = 2147483647; files = (); runOnlyForDeploymentPostprocessing = 0; };
		AA0000000000000000000303 /* Resources */ = { isa = PBXResourcesBuildPhase; buildActionMask = 2147483647; files = (AA0000000000000000002005, AA0000000000000000002007, AA0000000000000000002008,); runOnlyForDeploymentPostprocessing = 0; };
		AA0000000000000000000100 = { isa = XCConfigurationList; buildConfigurations = (AA0000000000000000000101, AA0000000000000000000102,); defaultConfigurationIsVisible = 0; defaultConfigurationName = Release; };
		AA0000000000000000000200 = { isa = XCConfigurationList; buildConfigurations = (AA0000000000000000000201, AA0000000000000000000202,); defaultConfigurationIsVisible = 0; defaultConfigurationName = Release; };
		AA0000000000000000000101 /* Debug */ = { isa = XCBuildConfiguration; buildSettings = { ALWAYS_SEARCH_USER_PATHS = NO; CLANG_ENABLE_MODULES = YES; CODE_SIGN_STYLE = Automatic; COPY_PHASE_STRIP = NO; DEBUG_INFORMATION_FORMAT = dwarf; ENABLE_STRICT_OBJC_MSGSEND = YES; GCC_OPTIMIZATION_LEVEL = 0; IPHONEOS_DEPLOYMENT_TARGET = 14.0; SDKROOT = iphoneos; SWIFT_VERSION = 5.0; }; name = Debug; };
		AA0000000000000000000102 /* Release */ = { isa = XCBuildConfiguration; buildSettings = { ALWAYS_SEARCH_USER_PATHS = NO; CLANG_ENABLE_MODULES = YES; CODE_SIGN_STYLE = Automatic; COPY_PHASE_STRIP = YES; DEBUG_INFORMATION_FORMAT = "dwarf-with-dsym"; ENABLE_STRICT_OBJC_MSGSEND = YES; IPHONEOS_DEPLOYMENT_TARGET = 14.0; SDKROOT = iphoneos; SWIFT_VERSION = 5.0; }; name = Release; };
		AA0000000000000000000201 /* Debug */ = { isa = XCBuildConfiguration; buildSettings = { ASSETCATALOG_COMPILER_APPICON_NAME = AppIcon; CODE_SIGN_STYLE = Automatic; CURRENT_PROJECT_VERSION = 1; GENERATE_INFOPLIST_FILE = NO; INFOPLIST_FILE = NightGuardRoom/Info.plist; IPHONEOS_DEPLOYMENT_TARGET = 14.0; MARKETING_VERSION = 1.0; PRODUCT_BUNDLE_IDENTIFIER = com.example.nightguardroom; PRODUCT_NAME = "$(TARGET_NAME)"; SWIFT_VERSION = 5.0; TARGETED_DEVICE_FAMILY = 1; }; name = Debug; };
		AA0000000000000000000202 /* Release */ = { isa = XCBuildConfiguration; buildSettings = { ASSETCATALOG_COMPILER_APPICON_NAME = AppIcon; CODE_SIGN_STYLE = Automatic; CURRENT_PROJECT_VERSION = 1; GENERATE_INFOPLIST_FILE = NO; INFOPLIST_FILE = NightGuardRoom/Info.plist; IPHONEOS_DEPLOYMENT_TARGET = 14.0; MARKETING_VERSION = 1.0; PRODUCT_BUNDLE_IDENTIFIER = com.example.nightguardroom; PRODUCT_NAME = "$(TARGET_NAME)"; SWIFT_VERSION = 5.0; TARGETED_DEVICE_FAMILY = 1; VALIDATE_PRODUCT = YES; }; name = Release; };
	};
	rootObject = AA0000000000000000000001;
}
